
Microsoft Visual Studio Solution File, Format Version 12.00
# Visual Studio 15
VisualStudioVersion = 15.0.28010.2041
MinimumVisualStudioVersion = 10.0.40219.1
Project("{FAE04EC0-301F-11D3-BF4B-00C04F79EFBC}") = "JsonDal", "JsonDal\JsonDal.csproj", "{E35348E5-1931-4EB8-802C-DC29BA93F82D}"
EndProject
Project("{EDCC3B85-0BAD-11DB-BC1A-00112FDE8B61}") = "Tdl2JsonLib", "Tdl2JsonLib\Tdl2JsonLib.nproj", "{D00E46D7-E1D4-436C-A455-28183D9A1EE5}"
EndProject
Project("{9A19103F-16F7-4668-BE54-9A1E7A4F7556}") = "Tdl2Json", "Tdl2Json\Tdl2Json.csproj", "{6195946D-BACE-4676-8607-9991B4907F14}"
EndProject
Project("{FAE04EC0-301F-11D3-BF4B-00C04F79EFBC}") = "JsonToTdl", "JsonToTdl\JsonToTdl.csproj", "{0D58B4DC-F65D-46D3-B8DF-5BEF97966D99}"
EndProject
Project("{EDCC3B85-0BAD-11DB-BC1A-00112FDE8B61}") = "Tdl", "Tdl\Tdl.nproj", "{82C32D2D-8E24-4975-B606-B2C7BE54C340}"
EndProject
Project("{2150E333-8FDC-42A3-9474-1A3956D46DE8}") = "Solution Items", "Solution Items", "{1A0EEDB3-84C5-47D8-9D16-DFBFBD4545A5}"
	ProjectSection(SolutionItems) = preProject
		AssemblyVersion.cs = AssemblyVersion.cs
		AssemblyVersion.n = AssemblyVersion.n
		Directory.Build.props = Directory.Build.props
		key.snk = key.snk
		Tdl.nuspec = Tdl.nuspec
	EndProjectSection
EndProject
Project("{FAE04EC0-301F-11D3-BF4B-00C04F79EFBC}") = "Tdl.VersionInfo", "Tdl.VersionInfo\Tdl.VersionInfo.csproj", "{ED94B486-EBB3-49B3-AA7D-3D9AC3D0A2EF}"
EndProject
Project("{FAE04EC0-301F-11D3-BF4B-00C04F79EFBC}") = "Tdl.VisualStudio.Plugin", "Tdl.VisualStudio.Plugin\Tdl.VisualStudio.Plugin.csproj", "{8351EF37-7F0C-494B-B6CF-ED5CA3193FD8}"
EndProject
Project("{FAE04EC0-301F-11D3-BF4B-00C04F79EFBC}") = "TestRunner", "TestRunner\TestRunner.csproj", "{E59825C9-0614-455A-AF8D-A94ACF8CD5FC}"
EndProject
Project("{FAE04EC0-301F-11D3-BF4B-00C04F79EFBC}") = "TestDll", "..\Tests\TestDll\TestDll.csproj", "{14EEAC6F-5AE0-40B3-9981-E8F4EA142A43}"
EndProject
Project("{2150E333-8FDC-42A3-9474-1A3956D46DE8}") = "Testing", "Testing", "{6458B7AF-A3BD-4792-BA61-2E450C4B381B}"
EndProject
Project("{FAE04EC0-301F-11D3-BF4B-00C04F79EFBC}") = "Tdl.Tests", "Tdl.Tests\Tdl.Tests.csproj", "{8F329E51-6FDC-4556-85D6-8D02F52D8689}"
	ProjectSection(ProjectDependencies) = postProject
		{6195946D-BACE-4676-8607-9991B4907F14} = {6195946D-BACE-4676-8607-9991B4907F14}
	EndProjectSection
EndProject
Global
	GlobalSection(SolutionConfigurationPlatforms) = preSolution
		Debug|Any CPU = Debug|Any CPU
		Release|Any CPU = Release|Any CPU
	EndGlobalSection
	GlobalSection(ProjectConfigurationPlatforms) = postSolution
		{E35348E5-1931-4EB8-802C-DC29BA93F82D}.Debug|Any CPU.ActiveCfg = Debug|Any CPU
		{E35348E5-1931-4EB8-802C-DC29BA93F82D}.Debug|Any CPU.Build.0 = Debug|Any CPU
		{E35348E5-1931-4EB8-802C-DC29BA93F82D}.Release|Any CPU.ActiveCfg = Release|Any CPU
		{E35348E5-1931-4EB8-802C-DC29BA93F82D}.Release|Any CPU.Build.0 = Release|Any CPU
		{D00E46D7-E1D4-436C-A455-28183D9A1EE5}.Debug|Any CPU.ActiveCfg = Debug|Any CPU
		{D00E46D7-E1D4-436C-A455-28183D9A1EE5}.Debug|Any CPU.Build.0 = Debug|Any CPU
		{D00E46D7-E1D4-436C-A455-28183D9A1EE5}.Release|Any CPU.ActiveCfg = Release|Any CPU
		{D00E46D7-E1D4-436C-A455-28183D9A1EE5}.Release|Any CPU.Build.0 = Release|Any CPU
		{6195946D-BACE-4676-8607-9991B4907F14}.Debug|Any CPU.ActiveCfg = Debug|Any CPU
		{6195946D-BACE-4676-8607-9991B4907F14}.Debug|Any CPU.Build.0 = Debug|Any CPU
		{6195946D-BACE-4676-8607-9991B4907F14}.Release|Any CPU.ActiveCfg = Release|Any CPU
		{6195946D-BACE-4676-8607-9991B4907F14}.Release|Any CPU.Build.0 = Release|Any CPU
		{0D58B4DC-F65D-46D3-B8DF-5BEF97966D99}.Debug|Any CPU.ActiveCfg = Debug|Any CPU
		{0D58B4DC-F65D-46D3-B8DF-5BEF97966D99}.Debug|Any CPU.Build.0 = Debug|Any CPU
		{0D58B4DC-F65D-46D3-B8DF-5BEF97966D99}.Release|Any CPU.ActiveCfg = Release|Any CPU
		{0D58B4DC-F65D-46D3-B8DF-5BEF97966D99}.Release|Any CPU.Build.0 = Release|Any CPU
		{82C32D2D-8E24-4975-B606-B2C7BE54C340}.Debug|Any CPU.ActiveCfg = Debug|Any CPU
		{82C32D2D-8E24-4975-B606-B2C7BE54C340}.Debug|Any CPU.Build.0 = Debug|Any CPU
		{82C32D2D-8E24-4975-B606-B2C7BE54C340}.Release|Any CPU.ActiveCfg = Release|Any CPU
		{82C32D2D-8E24-4975-B606-B2C7BE54C340}.Release|Any CPU.Build.0 = Release|Any CPU
		{ED94B486-EBB3-49B3-AA7D-3D9AC3D0A2EF}.Debug|Any CPU.ActiveCfg = Debug|Any CPU
		{ED94B486-EBB3-49B3-AA7D-3D9AC3D0A2EF}.Debug|Any CPU.Build.0 = Debug|Any CPU
		{ED94B486-EBB3-49B3-AA7D-3D9AC3D0A2EF}.Release|Any CPU.ActiveCfg = Release|Any CPU
		{ED94B486-EBB3-49B3-AA7D-3D9AC3D0A2EF}.Release|Any CPU.Build.0 = Release|Any CPU
		{8351EF37-7F0C-494B-B6CF-ED5CA3193FD8}.Debug|Any CPU.ActiveCfg = Debug|Any CPU
		{8351EF37-7F0C-494B-B6CF-ED5CA3193FD8}.Debug|Any CPU.Build.0 = Debug|Any CPU
		{8351EF37-7F0C-494B-B6CF-ED5CA3193FD8}.Release|Any CPU.ActiveCfg = Release|Any CPU
		{8351EF37-7F0C-494B-B6CF-ED5CA3193FD8}.Release|Any CPU.Build.0 = Release|Any CPU
		{E59825C9-0614-455A-AF8D-A94ACF8CD5FC}.Debug|Any CPU.ActiveCfg = Debug|Any CPU
		{E59825C9-0614-455A-AF8D-A94ACF8CD5FC}.Debug|Any CPU.Build.0 = Debug|Any CPU
		{E59825C9-0614-455A-AF8D-A94ACF8CD5FC}.Release|Any CPU.ActiveCfg = Release|Any CPU
		{E59825C9-0614-455A-AF8D-A94ACF8CD5FC}.Release|Any CPU.Build.0 = Release|Any CPU
		{14EEAC6F-5AE0-40B3-9981-E8F4EA142A43}.Debug|Any CPU.ActiveCfg = Debug|Any CPU
		{14EEAC6F-5AE0-40B3-9981-E8F4EA142A43}.Debug|Any CPU.Build.0 = Debug|Any CPU
		{14EEAC6F-5AE0-40B3-9981-E8F4EA142A43}.Release|Any CPU.ActiveCfg = Release|Any CPU
		{14EEAC6F-5AE0-40B3-9981-E8F4EA142A43}.Release|Any CPU.Build.0 = Release|Any CPU
		{8F329E51-6FDC-4556-85D6-8D02F52D8689}.Debug|Any CPU.ActiveCfg = Debug|Any CPU
		{8F329E51-6FDC-4556-85D6-8D02F52D8689}.Debug|Any CPU.Build.0 = Debug|Any CPU
		{8F329E51-6FDC-4556-85D6-8D02F52D8689}.Release|Any CPU.ActiveCfg = Release|Any CPU
		{8F329E51-6FDC-4556-85D6-8D02F52D8689}.Release|Any CPU.Build.0 = Release|Any CPU
	EndGlobalSection
	GlobalSection(SolutionProperties) = preSolution
		HideSolutionNode = FALSE
	EndGlobalSection
	GlobalSection(NestedProjects) = preSolution
		{E59825C9-0614-455A-AF8D-A94ACF8CD5FC} = {6458B7AF-A3BD-4792-BA61-2E450C4B381B}
		{14EEAC6F-5AE0-40B3-9981-E8F4EA142A43} = {6458B7AF-A3BD-4792-BA61-2E450C4B381B}
		{8F329E51-6FDC-4556-85D6-8D02F52D8689} = {6458B7AF-A3BD-4792-BA61-2E450C4B381B}
	EndGlobalSection
	GlobalSection(ExtensibilityGlobals) = postSolution
		SolutionGuid = {4B08A547-4C33-49DA-9892-CDC0DFA5017E}
	EndGlobalSection
EndGlobal
