
Microsoft Visual Studio Solution File, Format Version 12.00
# Visual Studio 15
VisualStudioVersion = 15.0.28010.2041
MinimumVisualStudioVersion = 10.0.40219.1
Project("{9A19103F-16F7-4668-BE54-9A1E7A4F7556}") = "Tdl.Transformator", "Tdl.Transformator\Tdl.Transformator.csproj", "{54B5602A-FE48-4E6F-A623-EA86AAFCA769}"
EndProject
Project("{9A19103F-16F7-4668-BE54-9A1E7A4F7556}") = "Tdl.Transformator.Tests", "Tdl.Transformator.Tests\Tdl.Transformator.Tests.csproj", "{9DDC3DF5-C4F4-48B4-A387-6282298DFB28}"
EndProject
Global
	GlobalSection(SolutionConfigurationPlatforms) = preSolution
		Debug|Any CPU = Debug|Any CPU
		Release|Any CPU = Release|Any CPU
	EndGlobalSection
	GlobalSection(ProjectConfigurationPlatforms) = postSolution
		{54B5602A-FE48-4E6F-A623-EA86AAFCA769}.Debug|Any CPU.ActiveCfg = Debug|Any CPU
		{54B5602A-FE48-4E6F-A623-EA86AAFCA769}.Debug|Any CPU.Build.0 = Debug|Any CPU
		{54B5602A-FE48-4E6F-A623-EA86AAFCA769}.Release|Any CPU.ActiveCfg = Release|Any CPU
		{54B5602A-FE48-4E6F-A623-EA86AAFCA769}.Release|Any CPU.Build.0 = Release|Any CPU
		{9DDC3DF5-C4F4-48B4-A387-6282298DFB28}.Debug|Any CPU.ActiveCfg = Debug|Any CPU
		{9DDC3DF5-C4F4-48B4-A387-6282298DFB28}.Debug|Any CPU.Build.0 = Debug|Any CPU
		{9DDC3DF5-C4F4-48B4-A387-6282298DFB28}.Release|Any CPU.ActiveCfg = Release|Any CPU
		{9DDC3DF5-C4F4-48B4-A387-6282298DFB28}.Release|Any CPU.Build.0 = Release|Any CPU
	EndGlobalSection
	GlobalSection(SolutionProperties) = preSolution
		HideSolutionNode = FALSE
	EndGlobalSection
	GlobalSection(ExtensibilityGlobals) = postSolution
		SolutionGuid = {4B08A547-4C33-49DA-9892-CDC0DFA5017E}
	EndGlobalSection
EndGlobal
